
Microsoft Visual Studio Solution File, Format Version 12.00
# Visual Studio Version 17
VisualStudioVersion = 17.5.33424.131
MinimumVisualStudioVersion = 10.0.40219.1
Project("{888888A0-9F3D-457C-B088-3A5042F75D52}") = "Buscaminas", "Buscaminas.pyproj", "{4702D3FF-5EE5-43A0-A177-ECB2A66A2717}"
EndProject
Global
	GlobalSection(SolutionConfigurationPlatforms) = preSolution
		Debug|Any CPU = Debug|Any CPU
		Release|Any CPU = Release|Any CPU
	EndGlobalSection
	GlobalSection(ProjectConfigurationPlatforms) = postSolution
		{4702D3FF-5EE5-43A0-A177-ECB2A66A2717}.Debug|Any CPU.ActiveCfg = Debug|Any CPU
		{4702D3FF-5EE5-43A0-A177-ECB2A66A2717}.Release|Any CPU.ActiveCfg = Release|Any CPU
	EndGlobalSection
	GlobalSection(SolutionProperties) = preSolution
		HideSolutionNode = FALSE
	EndGlobalSection
	GlobalSection(ExtensibilityGlobals) = postSolution
		SolutionGuid = {E0A9697A-D15D-4207-8E76-6B3A1E0B4758}
	EndGlobalSection
EndGlobal
